{
  "lockfileVersion": 2,
  "configVersion": 1,
  "workspaces": {
    "": {
      "name": "@jagreehal/stamp",
      "dependencies": {
        "@ai-sdk/amazon-bedrock": "5.0.109",
        "@ai-sdk/anthropic": "4.0.75",
        "@ai-sdk/openai": "4.0.87",
        "@ai-sdk/openai-compatible": "3.0.65",
        "ai": "7.0.131",
        "autotel": "8.0.0",
        "autotel-bedrock": "2.0.0",
        "autotel-genai": "0.15.3",
        "yaml": "^2.6.0",
        "zod": "^4.0.0",
      },
      "devDependencies": {
        "@oxlint/plugins": "1.78.0",
        "@types/bun": "^1.2.0",
        "oxlint": "1.78.0",
        "typescript": "^5.7.0",
      },
    },
  },
  "packages": {
    "@ai-sdk/amazon-bedrock": ["@ai-sdk/amazon-bedrock@5.0.109", "", { "dependencies": { "@ai-sdk/anthropic": "4.0.75", "@ai-sdk/openai": "4.0.87", "@ai-sdk/provider": "4.0.24", "@ai-sdk/provider-utils": "5.0.56", "@smithy/eventstream-codec": "^4.3.3", "@smithy/util-utf8": "^4.3.3", "aws4fetch": "^1.0.20" }, "peerDependencies": { "zod": "^3.25.76 || ^4.1.8" } }, "sha512-LQcIr9clEPVyxECrRwR6gUXjAJx4BppiezGHZral+S/RlrrIjGxKzJC9Vn7cfVV6YtilunLO9fDXD+218ibEkA=="],

    "@ai-sdk/anthropic": ["@ai-sdk/anthropic@4.0.75", "", { "dependencies": { "@ai-sdk/provider": "4.0.24", "@ai-sdk/provider-utils": "5.0.56" }, "peerDependencies": { "zod": "^3.25.76 || ^4.1.8" } }, "sha512-4cj+Wf12DnKUAQsQFkk3W5hU3KYP8bGBjdNsji3fmLm1txrgDBQF3urpgltsik8lfUTa6nkKQYOmPrQgPXKMFw=="],

    "@ai-sdk/gateway": ["@ai-sdk/gateway@4.0.107", "", { "dependencies": { "@ai-sdk/provider": "4.0.24", "@ai-sdk/provider-utils": "5.0.56", "@vercel/oidc": "3.2.0" }, "peerDependencies": { "zod": "^3.25.76 || ^4.1.8" } }, "sha512-Z/e4lbywscQ86JHi+vgIE7paPzvCSypJFIQugADWpWZXGkQ3iZ6M08rqkjDNhj3y6Gi7O3A/sSL/Ib3LoVZv6w=="],

    "@ai-sdk/openai": ["@ai-sdk/openai@4.0.87", "", { "dependencies": { "@ai-sdk/provider": "4.0.24", "@ai-sdk/provider-utils": "5.0.56" }, "peerDependencies": { "zod": "^3.25.76 || ^4.1.8" } }, "sha512-dfadBgux+npOoaPmIP3GGaHtGT6ZpYxBmBQK1TkIkjt/yuEtLxJ0Oklsrm88FTJrTW51qGfLSLeVP7bMUPeMCQ=="],

    "@ai-sdk/openai-compatible": ["@ai-sdk/openai-compatible@3.0.65", "", { "dependencies": { "@ai-sdk/provider": "4.0.24", "@ai-sdk/provider-utils": "5.0.56" }, "peerDependencies": { "zod": "^3.25.76 || ^4.1.8" } }, "sha512-TBfQk1hf9hOioOwdeDvuXdbmFDp+uLvYf5lfu/gCKVFy6rzjpEqTekEln2ebYonrnq2lIglsuj9S9IovaGhDZA=="],

    "@ai-sdk/provider": ["@ai-sdk/provider@4.0.24", "", { "dependencies": { "json-schema": "^0.4.0" } }, "sha512-iztFqJTdxNN0ZzqZAAnVPMhRMaL1bfQFa3GIPAffWQ0+dP2FXIkyMD8kHeEI7EpB/C6TR45cqOkrS7YZZ1sATA=="],

    "@ai-sdk/provider-utils": ["@ai-sdk/provider-utils@5.0.56", "", { "dependencies": { "@ai-sdk/provider": "4.0.24", "@standard-schema/spec": "^1.1.0", "@workflow/serde": "4.1.0", "eventsource-parser": "^3.0.8", "undici": "^7.29.0" }, "peerDependencies": { "zod": "^3.25.76 || ^4.1.8" } }, "sha512-F7/U1YpVXEfSxRHbxScm0PVdr9lN6GaUWHnt8ws2UjuGeuxWHqCkV25dGpHAkpDHkuIXoC+aak/OqSylKSJmHw=="],

    "@grpc/grpc-js": ["@grpc/grpc-js@1.14.5", "", { "dependencies": { "@grpc/proto-loader": "^0.8.0", "@js-sdsl/ordered-map": "^4.4.2" } }, "sha512-7VZM+SVdEcUUqSQeNI3zM8Qs/BhQKZndPo2h5VkYkAM8Iz0wJIa8mKV5ekQGqG8UUsnkQ0NMxIxwkIHYvj0qOw=="],

    "@grpc/proto-loader": ["@grpc/proto-loader@0.8.1", "", { "dependencies": { "lodash.camelcase": "^4.3.0", "long": "^5.0.0", "protobufjs": "^7.5.5", "yargs": "^17.7.2" }, "bin": { "proto-loader-gen-types": "build/bin/proto-loader-gen-types.js" } }, "sha512-wtF6h+DY6M3YaDBPAmvuuA6jV8Sif9MjtOI5euKFWRgCDl5PeDpPsHR9u2l6St5ceY8AZgoNDww5+HvEsXFsGg=="],

    "@js-sdsl/ordered-map": ["@js-sdsl/ordered-map@4.4.2", "", {}, "sha512-iUKgm52T8HOE/makSxjqoWhe95ZJA1/G1sYsGev2JDKUSS14KAgg1LHb+Ba+IPow0xflbnSkOsZcO08C7w1gYw=="],

    "@opentelemetry/api": ["@opentelemetry/api@1.9.1", "", {}, "sha512-gLyJlPHPZYdAk1JENA9LeHejZe1Ti77/pTeFm/nMXmQH/HFZlcS/O2XJB+L8fkbrNSqhdtlvjBVjxwUYanNH5Q=="],

    "@opentelemetry/api-logs": ["@opentelemetry/api-logs@0.222.0", "", { "dependencies": { "@opentelemetry/api": "^1.3.0" } }, "sha512-9mb1If+IF6u0ZVXkHQ6ogEae5HwA6ajIVUgpSDQyRASxft6BSXHvBvPooRle3yFN/fKnCdSOnuu0OC3PLcF6+g=="],

    "@opentelemetry/configuration": ["@opentelemetry/configuration@0.222.0", "", { "dependencies": { "@opentelemetry/core": "2.11.0", "yaml": "^2.8.3" }, "peerDependencies": { "@opentelemetry/api": "^1.9.0" } }, "sha512-zNWGmEvyX7CUbS6F6PKi7hf3CF/SffzeBYyWVQAfadZ8hODrvLmqV3IUGVt1SiqyYanRPHc8VuhoO0Qh9OEuug=="],

    "@opentelemetry/context-async-hooks": ["@opentelemetry/context-async-hooks@2.12.0", "", { "peerDependencies": { "@opentelemetry/api": ">=1.0.0 <1.10.0" } }, "sha512-iK/1nD7mmZVkuYjVjkdFBiCvzntJdFny1S3CYbUYyOq7V5enL6XX+gJ7eh965L1LnS11VA8mQ7Ej/ck04SB0MQ=="],

    "@opentelemetry/core": ["@opentelemetry/core@2.12.0", "", { "dependencies": { "@opentelemetry/semantic-conventions": "^1.29.0" }, "peerDependencies": { "@opentelemetry/api": ">=1.0.0 <1.10.0" } }, "sha512-1HsSAuvT4/my0QrXWsyXFdWjKaPeCHsismKZgEEIb8NK13LP6DrMRlsUbvD/0F9mDWK3xDom9AMv3IscxgOnOQ=="],

    "@opentelemetry/exporter-logs-otlp-grpc": ["@opentelemetry/exporter-logs-otlp-grpc@0.222.0", "", { "dependencies": { "@opentelemetry/otlp-exporter-base": "0.222.0", "@opentelemetry/otlp-grpc-exporter-base": "0.222.0", "@opentelemetry/otlp-transformer": "0.222.0", "@opentelemetry/sdk-logs": "0.222.0" }, "peerDependencies": { "@opentelemetry/api": "^1.3.0" } }, "sha512-HH4Oi/E8HXBKtcjgcVPJGsrg+lSstdw1m93brRdpVj5CjMpyTkv/O0ZYMXP6QXVEaLjjFivtzUu4Y8+i1UJpjw=="],

    "@opentelemetry/exporter-logs-otlp-http": ["@opentelemetry/exporter-logs-otlp-http@0.222.0", "", { "dependencies": { "@opentelemetry/otlp-exporter-base": "0.222.0", "@opentelemetry/otlp-transformer": "0.222.0", "@opentelemetry/sdk-logs": "0.222.0" }, "peerDependencies": { "@opentelemetry/api": "^1.3.0" } }, "sha512-GqwLZohJTf/sttYlOpT1oFTJ9ScYaKnk0sOx4Qe/+KmXYVOa+v94cfnkUkFKDuvTODWhCL50Hz3gvsZD6ngQpg=="],

    "@opentelemetry/exporter-logs-otlp-proto": ["@opentelemetry/exporter-logs-otlp-proto@0.222.0", "", { "dependencies": { "@opentelemetry/otlp-exporter-base": "0.222.0", "@opentelemetry/otlp-transformer": "0.222.0", "@opentelemetry/sdk-logs": "0.222.0" }, "peerDependencies": { "@opentelemetry/api": "^1.3.0" } }, "sha512-LlCDJuaznfFPzjHoKXjN/r9T5pgCZpmVheZ/EmwMUhMvpxI7RXDmsdLXoYpl5suYQNkwyXAUZhVEXKe3lev8Hg=="],

    "@opentelemetry/exporter-metrics-otlp-grpc": ["@opentelemetry/exporter-metrics-otlp-grpc@0.222.0", "", { "dependencies": { "@opentelemetry/exporter-metrics-otlp-http": "0.222.0", "@opentelemetry/otlp-grpc-exporter-base": "0.222.0", "@opentelemetry/otlp-transformer": "0.222.0" }, "peerDependencies": { "@opentelemetry/api": "^1.3.0" } }, "sha512-nPU2gpQWJfQttf+A71aLkKEOQoO6n6QGs5QTtPagi/rb3Lc1I55bqRXoLQEZsWqWimc8eas2Vo168NkTaByxQw=="],

    "@opentelemetry/exporter-metrics-otlp-http": ["@opentelemetry/exporter-metrics-otlp-http@0.222.0", "", { "dependencies": { "@opentelemetry/core": "2.11.0", "@opentelemetry/otlp-exporter-base": "0.222.0", "@opentelemetry/otlp-transformer": "0.222.0", "@opentelemetry/resources": "2.11.0", "@opentelemetry/sdk-metrics": "2.11.0" }, "peerDependencies": { "@opentelemetry/api": "^1.3.0" } }, "sha512-6Ko+0bgNP6V4G/RsmNBSk5lO1B/lo9z6tvLpFY3ykPPevXNzFmOW3C9hEmTt0zKCvHovyrol3TYlg4HVb5gwjg=="],

    "@opentelemetry/exporter-metrics-otlp-proto": ["@opentelemetry/exporter-metrics-otlp-proto@0.222.0", "", { "dependencies": { "@opentelemetry/exporter-metrics-otlp-http": "0.222.0", "@opentelemetry/otlp-exporter-base": "0.222.0", "@opentelemetry/otlp-transformer": "0.222.0" }, "peerDependencies": { "@opentelemetry/api": "^1.3.0" } }, "sha512-s1ZPwS8Ig7cpRmL3kCobPaFbemM81dJ03LNPrsuN32h3mCDvNF2NQ1pRHruOju0P0o1TZ24LkZA685rtQal1KA=="],

    "@opentelemetry/exporter-prometheus": ["@opentelemetry/exporter-prometheus@0.222.0", "", { "dependencies": { "@opentelemetry/core": "2.11.0", "@opentelemetry/resources": "2.11.0", "@opentelemetry/sdk-metrics": "2.11.0", "@opentelemetry/semantic-conventions": "^1.29.0" }, "peerDependencies": { "@opentelemetry/api": "^1.3.0" } }, "sha512-I7nalnnBZrhlTgjlqsVeEjJGcQCFK5kKAYVk7XTz/cbubvj5fvjLOal/Many0taHF2GIkOWmegsbQ8vbQJjhFg=="],

    "@opentelemetry/exporter-trace-otlp-grpc": ["@opentelemetry/exporter-trace-otlp-grpc@0.222.0", "", { "dependencies": { "@opentelemetry/otlp-exporter-base": "0.222.0", "@opentelemetry/otlp-grpc-exporter-base": "0.222.0", "@opentelemetry/otlp-transformer": "0.222.0", "@opentelemetry/sdk-trace": "2.11.0" }, "peerDependencies": { "@opentelemetry/api": "^1.3.0" } }, "sha512-uisilePEdOMa3hIfXW82XXU6FofF8gw3iv+PoboIMWEUBC7XbJB3XnIHSdrSDsqCw3njR/If08qD0yzOY1U9Sg=="],

    "@opentelemetry/exporter-trace-otlp-http": ["@opentelemetry/exporter-trace-otlp-http@0.222.0", "", { "dependencies": { "@opentelemetry/otlp-exporter-base": "0.222.0", "@opentelemetry/otlp-transformer": "0.222.0", "@opentelemetry/sdk-trace": "2.11.0" }, "peerDependencies": { "@opentelemetry/api": "^1.3.0" } }, "sha512-RCnPWcHppwiquQ+cV3nWvNwdf0MG1w26e5jewW2T83nTZOlXgcg88sY9ulCVgagGHcq1mj0L0GP6YHgzk2v8oA=="],

    "@opentelemetry/exporter-trace-otlp-proto": ["@opentelemetry/exporter-trace-otlp-proto@0.222.0", "", { "dependencies": { "@opentelemetry/otlp-exporter-base": "0.222.0", "@opentelemetry/otlp-transformer": "0.222.0", "@opentelemetry/sdk-trace": "2.11.0" }, "peerDependencies": { "@opentelemetry/api": "^1.3.0" } }, "sha512-imLrLzNhnABJt3tUyT63h6MqfZrG3Gdv3TE7+OUQTvwD088RfCUx3rF01lcgfu2KXBFk13vwi0yKZLvFEalkIA=="],

    "@opentelemetry/exporter-zipkin": ["@opentelemetry/exporter-zipkin@2.11.0", "", { "dependencies": { "@opentelemetry/core": "2.11.0", "@opentelemetry/resources": "2.11.0", "@opentelemetry/sdk-trace": "2.11.0", "@opentelemetry/semantic-conventions": "^1.29.0" }, "peerDependencies": { "@opentelemetry/api": "^1.0.0" } }, "sha512-mFibA45yXLEETIj+VcTVycFFe4R91iD41d+r3CU0f3DDWJCrICiHxUIjmYBTCZIuywXEeNo++2lncQeWnH7lWQ=="],

    "@opentelemetry/instrumentation": ["@opentelemetry/instrumentation@0.222.0", "", { "dependencies": { "@opentelemetry/api-logs": "0.222.0", "import-in-the-middle": "^3.0.0", "require-in-the-middle": "^8.0.0" }, "peerDependencies": { "@opentelemetry/api": "^1.3.0" } }, "sha512-fhbRDuAgzPKpq1k5+hX3uS+3QAYNca0on0Ngot/R8dDsQtuFaADeZnG2uSgxABuvcI7S2phAaRhbct9jieeKZw=="],

    "@opentelemetry/otlp-exporter-base": ["@opentelemetry/otlp-exporter-base@0.222.0", "", { "dependencies": { "@opentelemetry/core": "2.11.0", "@opentelemetry/otlp-transformer": "0.222.0" }, "peerDependencies": { "@opentelemetry/api": "^1.3.0" } }, "sha512-YbywG3veEm2Fb6TbdxRkuquWob6eVWXuA8/Ba1tXz9jHfUqpdE3keilOHEtPboC4CvS1bjeeVfNkWGOOrLj+lw=="],

    "@opentelemetry/otlp-grpc-exporter-base": ["@opentelemetry/otlp-grpc-exporter-base@0.222.0", "", { "dependencies": { "@grpc/grpc-js": "^1.14.3", "@opentelemetry/core": "2.11.0", "@opentelemetry/otlp-exporter-base": "0.222.0", "@opentelemetry/otlp-transformer": "0.222.0" }, "peerDependencies": { "@opentelemetry/api": "^1.3.0" } }, "sha512-Kw5WqDBYYpCgY+edHWZS/Jp3bdguqNkCyEWOsqFhf8RmtcEuWYzPFA9i+L6UsNoJXTs8ngeQB6dwELH1czNYjA=="],

    "@opentelemetry/otlp-transformer": ["@opentelemetry/otlp-transformer@0.222.0", "", { "dependencies": { "@opentelemetry/api-logs": "0.222.0", "@opentelemetry/core": "2.11.0", "@opentelemetry/resources": "2.11.0", "@opentelemetry/sdk-logs": "0.222.0", "@opentelemetry/sdk-metrics": "2.11.0", "@opentelemetry/sdk-trace": "2.11.0" }, "peerDependencies": { "@opentelemetry/api": "^1.3.0" } }, "sha512-/F3BZ89+CJQnZkMh2tCrtcdB+XT2Dxhj4FFE+WPQ//413hmFL0/RfEX6vgOIWGhiSzrkHWTK3+6SiT7K5/g/jQ=="],

    "@opentelemetry/propagator-b3": ["@opentelemetry/propagator-b3@2.11.0", "", { "dependencies": { "@opentelemetry/core": "2.11.0" }, "peerDependencies": { "@opentelemetry/api": ">=1.0.0 <1.10.0" } }, "sha512-ldyRZXx6qsqu9Spqd7rVxo6SNAUJqP8Ir3vwIi4N8xyZLXNl/2XeQmIHvFneiVOqNwWkU+JGFg2O9/T1fefU0w=="],

    "@opentelemetry/propagator-jaeger": ["@opentelemetry/propagator-jaeger@2.11.0", "", { "dependencies": { "@opentelemetry/core": "2.11.0" }, "peerDependencies": { "@opentelemetry/api": ">=1.0.0 <1.10.0" } }, "sha512-RUOqgoIqXOPQTOhpBrs07Y8sBlxVoLY5Fka6ueZ0prW+k6fWQsba/nHDY4gm+gmfuwtRqbX5Y9YKhDvktjbIqQ=="],

    "@opentelemetry/resources": ["@opentelemetry/resources@2.12.0", "", { "dependencies": { "@opentelemetry/core": "2.12.0", "@opentelemetry/semantic-conventions": "^1.29.0" }, "peerDependencies": { "@opentelemetry/api": ">=1.3.0 <1.10.0" } }, "sha512-+rSRoOdln6NhXTVcBdHSlZxJDNzwxadeweK2ltZO3tVtfp6aklABc06xclDk6ovRR+EiGgIcSbh/6NgjFhnb3A=="],

    "@opentelemetry/sdk-logs": ["@opentelemetry/sdk-logs@0.222.0", "", { "dependencies": { "@opentelemetry/api-logs": "0.222.0", "@opentelemetry/core": "2.11.0", "@opentelemetry/resources": "2.11.0", "@opentelemetry/semantic-conventions": "^1.29.0" }, "peerDependencies": { "@opentelemetry/api": ">=1.4.0 <1.10.0" } }, "sha512-+19YHODIjaUCArxleaJtuufFZVpz/xvvK+VllQqE+W8hHolxdoRwHfK/s667zezwh1hkx6FFF+oYzetYgqK+Bg=="],

    "@opentelemetry/sdk-metrics": ["@opentelemetry/sdk-metrics@2.12.0", "", { "dependencies": { "@opentelemetry/core": "2.12.0", "@opentelemetry/resources": "2.12.0" }, "peerDependencies": { "@opentelemetry/api": ">=1.9.0 <1.10.0" } }, "sha512-mVMaEHwCUJuY3S4Esn+nT0yQA3qCEGh+SOPJsXygU0Gl453WcsDNjtEa8EfdewMwoLyr1tlofB4fXytVpiXuow=="],

    "@opentelemetry/sdk-node": ["@opentelemetry/sdk-node@0.222.0", "", { "dependencies": { "@opentelemetry/api-logs": "0.222.0", "@opentelemetry/configuration": "0.222.0", "@opentelemetry/context-async-hooks": "2.11.0", "@opentelemetry/core": "2.11.0", "@opentelemetry/exporter-logs-otlp-grpc": "0.222.0", "@opentelemetry/exporter-logs-otlp-http": "0.222.0", "@opentelemetry/exporter-logs-otlp-proto": "0.222.0", "@opentelemetry/exporter-metrics-otlp-grpc": "0.222.0", "@opentelemetry/exporter-metrics-otlp-http": "0.222.0", "@opentelemetry/exporter-metrics-otlp-proto": "0.222.0", "@opentelemetry/exporter-prometheus": "0.222.0", "@opentelemetry/exporter-trace-otlp-grpc": "0.222.0", "@opentelemetry/exporter-trace-otlp-http": "0.222.0", "@opentelemetry/exporter-trace-otlp-proto": "0.222.0", "@opentelemetry/exporter-zipkin": "2.11.0", "@opentelemetry/instrumentation": "0.222.0", "@opentelemetry/otlp-exporter-base": "0.222.0", "@opentelemetry/otlp-grpc-exporter-base": "0.222.0", "@opentelemetry/propagator-b3": "2.11.0", "@opentelemetry/propagator-jaeger": "2.11.0", "@opentelemetry/resources": "2.11.0", "@opentelemetry/sdk-logs": "0.222.0", "@opentelemetry/sdk-metrics": "2.11.0", "@opentelemetry/sdk-trace": "2.11.0", "@opentelemetry/sdk-trace-base": "2.11.0", "@opentelemetry/sdk-trace-node": "2.11.0", "@opentelemetry/semantic-conventions": "^1.29.0" }, "peerDependencies": { "@opentelemetry/api": ">=1.3.0 <1.10.0" } }, "sha512-t8tlFN/ezYV7iI4k6u3t2jFbIReX99Z0iVMVSYLJscE4McxIW9YGHhdOldeY1elHeoq8mjEO4B9s4Fk7+zJbsg=="],

    "@opentelemetry/sdk-trace": ["@opentelemetry/sdk-trace@2.11.0", "", { "dependencies": { "@opentelemetry/core": "2.11.0", "@opentelemetry/resources": "2.11.0", "@opentelemetry/semantic-conventions": "^1.29.0" }, "peerDependencies": { "@opentelemetry/api": ">=1.3.0 <1.10.0" } }, "sha512-fFnTqGm8/G73GQVnxYi7LXa1ZVYEUvgL6XI1LpvV0bPC7WQ/ZGgKxCSl8FnlZBKto9JHHEFTO6s6CUpvvtwFrA=="],

    "@opentelemetry/sdk-trace-base": ["@opentelemetry/sdk-trace-base@2.12.0", "", { "dependencies": { "@opentelemetry/core": "2.12.0", "@opentelemetry/resources": "2.12.0", "@opentelemetry/sdk-trace": "2.12.0", "@opentelemetry/semantic-conventions": "^1.29.0" }, "peerDependencies": { "@opentelemetry/api": ">=1.3.0 <1.10.0" } }, "sha512-JOERgZCxRM06FEJ5kEWxlSRChah6MmXDx3KwCruqEv/iEyLkTokCSemf2y1w8oIHtfrr8EVTpzebq/31vn2Cpg=="],

    "@opentelemetry/sdk-trace-node": ["@opentelemetry/sdk-trace-node@2.11.0", "", { "dependencies": { "@opentelemetry/context-async-hooks": "2.11.0", "@opentelemetry/core": "2.11.0", "@opentelemetry/sdk-trace-base": "2.11.0" }, "peerDependencies": { "@opentelemetry/api": ">=1.0.0 <1.10.0" } }, "sha512-CuvCMJmZxswhNLlM2LfuLOW3h3fZujA4hsG4B+Sz4dX2zvaXO8Ng74cnDHWD64gLszTlhiG3c0iNUjj4g+0/sA=="],

    "@opentelemetry/semantic-conventions": ["@opentelemetry/semantic-conventions@1.43.0", "", {}, "sha512-eSYWTm620tTk45EKSedaUL8MFYI8hW164hIXsgIHyxu3VobUB3fFCu5t0hQby6OoWRPsG1KkKUG2M5UadiLiVg=="],

    "@oxlint/binding-android-arm-eabi": ["@oxlint/binding-android-arm-eabi@1.78.0", "", { "os": "android", "cpu": "arm" }, "sha512-Bu819lmAfZMUHErrpe0cEWj3iaefuUODHSU8+UbXy67V/r7/7f4K3FL0NmbD85E+wiFLDYuhP8Zlv0XnVeXshw=="],

    "@oxlint/binding-android-arm64": ["@oxlint/binding-android-arm64@1.78.0", "", { "os": "android", "cpu": "arm64" }, "sha512-CDfxZgB61B7buRdY2FJoAYYPPXCZ1EoC1LKscnC5dg3kjobdxiconvAvvN1BmHyW4PyFT3jRLDag/BY/roSNBQ=="],

    "@oxlint/binding-darwin-arm64": ["@oxlint/binding-darwin-arm64@1.78.0", "", { "os": "darwin", "cpu": "arm64" }, "sha512-2Y2U9Ahrz+OO0Ej88f9SJYq51/jUBp1Mc7iZu0ukrbeeZ3gpRGfzIFnoqfHDY96xr0GEfNrPUBFEy0nN5aD7HA=="],

    "@oxlint/binding-darwin-x64": ["@oxlint/binding-darwin-x64@1.78.0", "", { "os": "darwin", "cpu": "x64" }, "sha512-rpych6eJq6m9jDRypTEaPD1xysaEW5h9+xuxhGK/QhOg+/xaqPZrCrTNoIl/f3nEjuJeCEmstNDlrE9rJi/3/g=="],

    "@oxlint/binding-freebsd-x64": ["@oxlint/binding-freebsd-x64@1.78.0", "", { "os": "freebsd", "cpu": "x64" }, "sha512-IcMGrQT3QizkOESUJd5et+rOhVqSkNDfNik1cvrKDqIbzqx9KMtRswpFgkCuNTSwylCFLKhGUu8KmqY1ZnC0Dg=="],

    "@oxlint/binding-linux-arm-gnueabihf": ["@oxlint/binding-linux-arm-gnueabihf@1.78.0", "", { "os": "linux", "cpu": "arm" }, "sha512-/uLdoJ0IXE6vo/0f0LKjinQAp+re+VMaCWaNT8ENIv2EOCkSsc8SGaflXAuW0Jua2dq5+GLVWm1NQK7P3UFSNQ=="],

    "@oxlint/binding-linux-arm-musleabihf": ["@oxlint/binding-linux-arm-musleabihf@1.78.0", "", { "os": "linux", "cpu": "arm" }, "sha512-7xi4Wb/O8NRJhLoUXmDJMUVpNYvB5kefdhFU1Jb8rtae4QoXlTiLwI14X4YvAXVZLNZChP8m5qO9SQAlWQTbkQ=="],

    "@oxlint/binding-linux-arm64-gnu": ["@oxlint/binding-linux-arm64-gnu@1.78.0", "", { "os": "linux", "cpu": "arm64" }, "sha512-4hFW0+fVXa3OIh1Y4A5SPkmvI4wuuBSrCVKzOyE7PTjhc7yEqZ1pmvEEeS5Lj/MaqvegFxXyF33N+6jkehxdyg=="],

    "@oxlint/binding-linux-arm64-musl": ["@oxlint/binding-linux-arm64-musl@1.78.0", "", { "os": "linux", "cpu": "arm64" }, "sha512-oC0mvsgBJjlMijSDEhx9KuvR9zYeHXceA9MjbuXB1F8NSR78Yj2unOBrstEvTVaq+pko+kuue6DajC00eqvTdg=="],

    "@oxlint/binding-linux-ppc64-gnu": ["@oxlint/binding-linux-ppc64-gnu@1.78.0", "", { "os": "linux", "cpu": "ppc64" }, "sha512-XAllT5SUZS+ohjuZ3/5S0cwe0r7eboiuigeStCZ5DXRYx/2KVM2UvQXvAfyzXEimtQjAB7cDQ2YxDe2Zl2WNQQ=="],

    "@oxlint/binding-linux-riscv64-gnu": ["@oxlint/binding-linux-riscv64-gnu@1.78.0", "", { "os": "linux", "cpu": "none" }, "sha512-trucMER/0QtecoXvc1y/UVqE3kwJipDwrx4oHfj+nNm3dq2zjP44WT0CfHNDPM3G1DXIkx/gY6lAD21NSCZVhA=="],

    "@oxlint/binding-linux-riscv64-musl": ["@oxlint/binding-linux-riscv64-musl@1.78.0", "", { "os": "linux", "cpu": "none" }, "sha512-cm3O4F/HQbdzOUX5mKHqG5KDL6E5w0pnlZ+fbBy2rmLryPOowkuLagFHTopQsEIpjcaZoPOrL+BmmAytAG9HFg=="],

    "@oxlint/binding-linux-s390x-gnu": ["@oxlint/binding-linux-s390x-gnu@1.78.0", "", { "os": "linux", "cpu": "s390x" }, "sha512-33wRf6HqGNsybJ3qX4cGaQN2ODPxNmc1rMa0mrTmx3eFq1VzOnvQooi9bIGVYakW8a/wmqVx1mgsUm8R2xfTiw=="],

    "@oxlint/binding-linux-x64-gnu": ["@oxlint/binding-linux-x64-gnu@1.78.0", "", { "os": "linux", "cpu": "x64" }, "sha512-rRdISSYegj6VganMZ9tjRjijowfHJ09IZU01i0toBAqr6n5LEtwHq2IeS4FjW2RoskOHlb6efB26H5izYb3GEQ=="],

    "@oxlint/binding-linux-x64-musl": ["@oxlint/binding-linux-x64-musl@1.78.0", "", { "os": "linux", "cpu": "x64" }, "sha512-GmsP4rW0xTL6u5CVdcDsaN5Fbc7hBc382Wmar1kttbnwSEviM+rSINKOMQ+UQ6iH+AGwC+8gaAiwu134Tgh6Lg=="],

    "@oxlint/binding-openharmony-arm64": ["@oxlint/binding-openharmony-arm64@1.78.0", "", { "os": "none", "cpu": "arm64" }, "sha512-sy9yeYuADc8a+n4TLBayzMCZiHPW78DcIFVpOXTmdKHWQeM9xe5uzkqIIZmi326D5hY9XVwacipEB1p7tQjPAg=="],

    "@oxlint/binding-win32-arm64-msvc": ["@oxlint/binding-win32-arm64-msvc@1.78.0", "", { "os": "win32", "cpu": "arm64" }, "sha512-rjc2hF1KfMi8fZj1X/m3AmnHbdsF3rL0v6KQg0Uc880Yb2khjz+3U14sfdZ7jWTpRnN1m1NQa/TT7uU9lJWPrA=="],

    "@oxlint/binding-win32-ia32-msvc": ["@oxlint/binding-win32-ia32-msvc@1.78.0", "", { "os": "win32", "cpu": "ia32" }, "sha512-zcuXFVrEFHIafRfkCQT8w/Xe41o07ozl/vwHq7p94vB29xVzsB0sZGYORU1jhcYKv3Lr0J3HbJ2T4fHH5rWmvA=="],

    "@oxlint/binding-win32-x64-msvc": ["@oxlint/binding-win32-x64-msvc@1.78.0", "", { "os": "win32", "cpu": "x64" }, "sha512-Sb5ocmLSuYeOuXd+CFOToGKp/gjXUEWDnvIGwhnh8aq8wY4TMmEnKnvbogSW7RdMZv77JSARduS7/gv+khYEjA=="],

    "@oxlint/plugins": ["@oxlint/plugins@1.78.0", "", {}, "sha512-Ypt8KeRYw+4jUtlPirfcHWMrn5ms12VrrFPD+Mds477/7tJxG1Kcz2Yrg2nVcTQEUx/GdlhS+BUg1kmxNm04Ug=="],

    "@protobufjs/aspromise": ["@protobufjs/aspromise@1.1.2", "", {}, "sha512-j+gKExEuLmKwvz3OgROXtrJ2UG2x8Ch2YZUxahh+s1F2HZ+wAceUNLkvy6zKCPVRkU++ZWQrdxsUeQXmcg4uoQ=="],

    "@protobufjs/base64": ["@protobufjs/base64@1.1.2", "", {}, "sha512-AZkcAA5vnN/v4PDqKyMR5lx7hZttPDgClv83E//FMNhR2TMcLUhfRUBHCmSl0oi9zMgDDqRUJkSxO3wm85+XLg=="],

    "@protobufjs/codegen": ["@protobufjs/codegen@2.0.5", "", {}, "sha512-zgXFLzW3Ap33e6d0Wlj4MGIm6Ce8O89n/apUaGNB/jx+hw+ruWEp7EwGUshdLKVRCxZW12fp9r40E1mQrf/34g=="],

    "@protobufjs/eventemitter": ["@protobufjs/eventemitter@1.1.1", "", {}, "sha512-vW1GmwMZNnL+gMRaovlh9yZX74kc+TTU3FObkkurpMaRtBfLP3ldjS9KQWlwZgraRE0+dheEEoAxdzcJQ8eXZg=="],

    "@protobufjs/fetch": ["@protobufjs/fetch@1.1.1", "", { "dependencies": { "@protobufjs/aspromise": "^1.1.1" } }, "sha512-GpptLrs57adMSuHi3VNj0mAF8dwh36LMaYF6XyJ6JMWlVsc+t42tm1HSEDmOs3A8fC9yyeisgLhsTVQokOZ0zw=="],

    "@protobufjs/float": ["@protobufjs/float@1.0.2", "", {}, "sha512-Ddb+kVXlXst9d+R9PfTIxh1EdNkgoRe5tOX6t01f1lYWOvJnSPDBlG241QLzcyPdoNTsblLUdujGSE4RzrTZGQ=="],

    "@protobufjs/path": ["@protobufjs/path@1.1.2", "", {}, "sha512-6JOcJ5Tm08dOHAbdR3GrvP+yUUfkjG5ePsHYczMFLq3ZmMkAD98cDgcT2iA1lJ9NVwFd4tH/iSSoe44YWkltEA=="],

    "@protobufjs/pool": ["@protobufjs/pool@1.1.0", "", {}, "sha512-0kELaGSIDBKvcgS4zkjz1PeddatrjYcmMWOlAuAPwAeccUrPHdUqo/J6LiymHHEiJT5NrF1UVwxY14f+fy4WQw=="],

    "@protobufjs/utf8": ["@protobufjs/utf8@1.1.2", "", {}, "sha512-b1UQwcEZ4yCnMCD8DAL1VlbvBJE9/IX4FTIp7BG1xYpf29SLazLSrqUkj4w7Y5y7cCVP6E5tcqqcI0xemPkHug=="],

    "@smithy/core": ["@smithy/core@3.35.1", "", { "dependencies": { "@smithy/types": "^4.19.0", "tslib": "^2.6.2" } }, "sha512-i4YPS4B6ts7bjn7UwLnGjiZdprOvHvgGobFZsYK3GIY3E5hIqtj0rReU69BcTpGp+fvtraSNXeG1l+jtJvF55w=="],

    "@smithy/eventstream-codec": ["@smithy/eventstream-codec@4.5.2", "", { "dependencies": { "@smithy/core": "^3.33.2", "tslib": "^2.6.2" } }, "sha512-u4EAkaviMcQYlorFSnxFUgF/Dnbgiu2TzGmqOU4h3CL4MbvrYyNCXpFkcBwvAEU11EvspKX2zzS2uX7q+43VdQ=="],

    "@smithy/types": ["@smithy/types@4.19.0", "", { "dependencies": { "tslib": "^2.6.2" } }, "sha512-r7jh49VJxGerfAcTQA6gXcKc+98zOp/tqRwzYjgOE+iSQsP6cEU1hq2QzbuipmP68QtYdY9wKEhiCQZIzHgZ4Q=="],

    "@smithy/util-utf8": ["@smithy/util-utf8@4.5.2", "", { "dependencies": { "@smithy/core": "^3.33.2", "tslib": "^2.6.2" } }, "sha512-7wNWV7SugHpcMA7uzEawJNpE0GrasXM7a9E+1+Wm6NxVuDClESac/AKt+G7jMZNUz5vBLWqKlqVV7Sv7AtUr6Q=="],

    "@standard-schema/spec": ["@standard-schema/spec@1.1.0", "", {}, "sha512-l2aFy5jALhniG5HgqrD6jXLi/rUWrKvqN/qJx6yoJsgKhblVd+iqqU4RCXavm/jPityDo5TCvKMnpjKnOriy0w=="],

    "@types/bun": ["@types/bun@1.4.2", "", { "dependencies": { "bun-types": "1.4.2" } }, "sha512-GimotNn7+ZV0uVArItBbriZsR1oNf0+WTzPkdcFrzShI7k2norL0uzEaJT8T33dWr7O/c9ZDuAFQrctKCi72oQ=="],

    "@types/node": ["@types/node@26.6.2", "", { "dependencies": { "undici-types": "~8.9.0" } }, "sha512-X1P21scMv4zGKLYqjdGjaKa7COa0RKVYYZZN/NfvLQ1JegxFhdhpZG/Lyn8AXx6CDUavKAd11v6BvfpkDByK8g=="],

    "@vercel/oidc": ["@vercel/oidc@3.2.0", "", {}, "sha512-UycprH3T6n3jH0k44NHMa7pnFHGu/N05MjojYr+Mc6I7obkoLIJujSWwin1pCvdy/eOxrI/l3uDLQsmcrOb4ug=="],

    "@workflow/serde": ["@workflow/serde@4.1.0", "", {}, "sha512-pav4F2BoirECWR7Nf1TKt+2eETcBj7jj4cBefQ8VXQCA6NPkaKeLfj/zMgi+3zYV5ZIBT4GuUiphsj0/b9hPQQ=="],

    "ai": ["ai@7.0.131", "", { "dependencies": { "@ai-sdk/gateway": "4.0.107", "@ai-sdk/provider": "4.0.24", "@ai-sdk/provider-utils": "5.0.56" }, "peerDependencies": { "zod": "^3.25.76 || ^4.1.8" } }, "sha512-lOv32sfZ4T6yeFLvc9YyIBbaJH4lAhX4jYvRn6AmU7EePpL5VX3I7jgLFuX56lWaiKFi07rQ0I8+Jb2t0B0olg=="],

    "ansi-regex": ["ansi-regex@5.0.1", "", {}, "sha512-quJQXlTSUGL2LH9SUXo8VwsY4soanhgo6LNSm84E1LBcE8s3O0wpdiRzyR9z/ZZJMlMWv37qOOb9pdJlMUEKFQ=="],

    "ansi-styles": ["ansi-styles@4.3.0", "", { "dependencies": { "color-convert": "^2.0.1" } }, "sha512-zbB9rCJAT1rbjiVDb2hqKFHNYLxgtk8NURxZ3IZwD3F6NtxbXZQCnnSi1Lkx+IDohdPlFp222wVALIheZJQSEg=="],

    "autotel": ["autotel@8.0.0", "", { "dependencies": { "@opentelemetry/api": "^1.9.1", "@opentelemetry/api-logs": "^0.222.0", "@opentelemetry/context-async-hooks": "^2.11.0", "@opentelemetry/core": "^2.11.0", "@opentelemetry/exporter-logs-otlp-http": "^0.222.0", "@opentelemetry/exporter-metrics-otlp-http": "^0.222.0", "@opentelemetry/exporter-trace-otlp-http": "^0.222.0", "@opentelemetry/instrumentation": "^0.222.0", "@opentelemetry/resources": "^2.11.0", "@opentelemetry/sdk-logs": "^0.222.0", "@opentelemetry/sdk-metrics": "^2.11.0", "@opentelemetry/sdk-node": "^0.222.0", "@opentelemetry/sdk-trace-base": "^2.11.0", "@opentelemetry/semantic-conventions": "^1.43.0", "import-in-the-middle": "^3.5.1" }, "peerDependencies": { "@opentelemetry/auto-instrumentations-node": "^0.80.0", "@opentelemetry/exporter-logs-otlp-grpc": "^0.222.0", "@opentelemetry/exporter-logs-otlp-proto": "^0.222.0", "@opentelemetry/exporter-metrics-otlp-grpc": "^0.222.0", "@opentelemetry/exporter-metrics-otlp-proto": "^0.222.0", "@opentelemetry/exporter-trace-otlp-grpc": "^0.222.0", "@opentelemetry/exporter-trace-otlp-proto": "^0.222.0", "@opentelemetry/resource-detector-aws": "^2.22.0", "@opentelemetry/resource-detector-container": "^0.8.13", "@opentelemetry/resource-detector-gcp": "^0.57.0", "@opentelemetry/sdk-trace-node": "^2.11.0", "@traceloop/node-server-sdk": "^0.27.0", "pino": "^10.3.1", "pino-pretty": "^13.1.3", "yaml": "^2.9.1" }, "optionalPeers": ["@opentelemetry/auto-instrumentations-node", "@opentelemetry/exporter-logs-otlp-grpc", "@opentelemetry/exporter-logs-otlp-proto", "@opentelemetry/exporter-metrics-otlp-grpc", "@opentelemetry/exporter-metrics-otlp-proto", "@opentelemetry/exporter-trace-otlp-grpc", "@opentelemetry/exporter-trace-otlp-proto", "@opentelemetry/resource-detector-aws", "@opentelemetry/resource-detector-container", "@opentelemetry/resource-detector-gcp", "@opentelemetry/sdk-trace-node", "@traceloop/node-server-sdk", "pino", "pino-pretty", "yaml"] }, "sha512-netNZse8+FT7Pr+TOFcifbjMr1vwPrcxg/jeoGGRGROM5Fv5R0RXYUm3Hdce+AgDqhZUXyMWH1gbu2TonbGMSw=="],

    "autotel-audit": ["autotel-audit@1.2.2", "", { "dependencies": { "autotel": "8.0.0" } }, "sha512-qyXgWX2P5WefKbRCmfFZp/Ea2tpWqkFlUsVNMc2CVnfduWYmXm8Cn/se+BGFA7JskK6HDlersKKxVE/KPklOpg=="],

    "autotel-bedrock": ["autotel-bedrock@2.0.0", "", { "dependencies": { "@opentelemetry/api": "^1.9.1" }, "peerDependencies": { "@opentelemetry/sdk-trace-base": ">=2.0.0", "autotel-genai": "^0.15.0" }, "optionalPeers": ["autotel-genai"] }, "sha512-CZFYKIssJB4C27uM7Y2ICLoiIwWMwKnoKsu012c3iC5hQUa3Qmoq6rQpF9uGIg3Y5ek8LyoEMrfLu+Iv1i83gQ=="],

    "autotel-genai": ["autotel-genai@0.15.3", "", { "dependencies": { "autotel": "8.0.0", "autotel-audit": "1.2.2" }, "peerDependencies": { "@opentelemetry/api": "*", "@opentelemetry/sdk-metrics": "*" }, "optionalPeers": ["@opentelemetry/sdk-metrics"] }, "sha512-njd+qCpVKDWC5eEf+ntRrmPERkRs9CH1m0CgPa7PGz7pejRive1Pze6ch8JcKvzrBs8TpIy4GANA0JIOjX3EEg=="],

    "aws4fetch": ["aws4fetch@1.0.20", "", {}, "sha512-/djoAN709iY65ETD6LKCtyyEI04XIBP5xVvfmNxsEP0uJB5tyaGBztSryRr4HqMStr9R06PisQE7m9zDTXKu6g=="],

    "bun-types": ["bun-types@1.4.2", "", { "dependencies": { "@types/node": "*" } }, "sha512-bxV1FgK7yBIzjRe5zBozIM4Bem11ZJcCXSrjWRG3YWLt8yFDePu4cLjpebO8OvPeIE9trbyPF4fuj3Cia4Fj3w=="],

    "cjs-module-lexer": ["cjs-module-lexer@2.3.0", "", {}, "sha512-lmNyBzi6iYiqyrExTctfmjd8tInx+dHu9PBomTfH5RXS53c27JMFJgzNv5TyAnm3PgGf+MLy0+Ws41/HlVxdKQ=="],

    "cliui": ["cliui@8.0.1", "", { "dependencies": { "string-width": "^4.2.0", "strip-ansi": "^6.0.1", "wrap-ansi": "^7.0.0" } }, "sha512-BSeNnyus75C4//NQ9gQt1/csTXyo/8Sb+afLAkzAptFuMsod9HFokGNudZpi/oQV73hnVK+sR+5PVRMd+Dr7YQ=="],

    "color-convert": ["color-convert@2.0.1", "", { "dependencies": { "color-name": "~1.1.4" } }, "sha512-RRECPsj7iu/xb5oKYcsFHSppFNnsj/52OVTRKb4zP5onXwVF3zVmmToNcOfGC+CRDpfK/U584fMg38ZHCaElKQ=="],

    "color-name": ["color-name@1.1.4", "", {}, "sha512-dOy+3AuW3a2wNbZHIuMZpTcgjGuLU/uBL/ubcZF9OXbDo8ff4O8yVp5Bf0efS8uEoYo5q4Fx7dY9OgQGXgAsQA=="],

    "debug": ["debug@4.4.3", "", { "dependencies": { "ms": "^2.1.3" }, "peerDependencies": { "supports-color": "*" }, "optionalPeers": ["supports-color"] }, "sha512-RGwwWnwQvkVfavKVt22FGLw+xYSdzARwm0ru6DhTVA3umU5hZc28V3kO4stgYryrTlLpuvgI9GiijltAjNbcqA=="],

    "emoji-regex": ["emoji-regex@8.0.0", "", {}, "sha512-MSjYzcWNOA0ewAHpz0MxpYFvwg6yjy1NG3xteoqz644VCo/RPgnr1/GGt+ic3iJTzQ8Eu3TdM14SawnVUmGE6A=="],

    "es-module-lexer": ["es-module-lexer@3.0.3", "", {}, "sha512-yWGe1O/j+almnV4hOYrmZo8u58JdnmXEMneRQAYkWtqSiT86yoMIEKF4rpqEDj52tbYl3xceBD3DQIBwcsC9Pw=="],

    "escalade": ["escalade@3.2.0", "", {}, "sha512-WUj2qlxaQtO4g6Pq5c29GTcWGDyd8itL8zTlipgECz3JesAiiOKotd8JU6otB3PACgG6xkJUyVhboMS+bje/jA=="],

    "eventsource-parser": ["eventsource-parser@3.1.1", "", {}, "sha512-EKN1vKAMcZ8MlYMpaNuxN6R9yakzH6uajHcHVTqWJzvu5pWw9DyhbP35HH8MVBQ+dZjAfDxk+A8NiR9KWaXiyQ=="],

    "get-caller-file": ["get-caller-file@2.0.5", "", {}, "sha512-DyFP3BM/3YHTQOCUL/w0OZHR0lpKeGrxotcHWcqNEdnltqFwXVfhEBQ94eIo34AfQpo0rGki4cyIiftY06h2Fg=="],

    "import-in-the-middle": ["import-in-the-middle@3.5.2", "", { "dependencies": { "cjs-module-lexer": "^2.2.0", "es-module-lexer": "^3.0.2", "module-details-from-path": "^1.0.4" } }, "sha512-WseIA/4o56+GYO3RmlOPvejYi771OFeJEeK/ejROsr9bdjW+E5NXTOD1Di8TL40Qgg3JJX9aa97Hf8iiSVIKZw=="],

    "is-fullwidth-code-point": ["is-fullwidth-code-point@3.0.0", "", {}, "sha512-zymm5+u+sCsSWyD9qNaejV3DFvhCKclKdizYaJUuHA83RLjb7nSuGnddCHGv0hk+KY7BMAlsWeK4Ueg6EV6XQg=="],

    "json-schema": ["json-schema@0.4.0", "", {}, "sha512-es94M3nTIfsEPisRafak+HDLfHXnKBhV3vU5eqPcS3flIWqcxJWgXHXiey3YrpaNsanY5ei1VoYEbOzijuq9BA=="],

    "lodash.camelcase": ["lodash.camelcase@4.3.0", "", {}, "sha512-TwuEnCnxbc3rAvhf/LbG7tJUDzhqXyFnv3dtzLOPgCG/hODL7WFnsbwktkD7yUV0RrreP/l1PALq/YSg6VvjlA=="],

    "long": ["long@5.3.2", "", {}, "sha512-mNAgZ1GmyNhD7AuqnTG3/VQ26o760+ZYBPKjPvugO8+nLbYfX6TVpJPseBvopbdY+qpZ/lKUnmEc1LeZYS3QAA=="],

    "module-details-from-path": ["module-details-from-path@1.0.4", "", {}, "sha512-EGWKgxALGMgzvxYF1UyGTy0HXX/2vHLkw6+NvDKW2jypWbHpjQuj4UMcqQWXHERJhVGKikolT06G3bcKe4fi7w=="],

    "ms": ["ms@2.1.3", "", {}, "sha512-6FlzubTLZG3J2a/NVCAleEhjzq5oxgHyaCU9yYXvcLsvoVaHJq/s5xXI6/XXP6tz7R9xAOtHnSO/tXtF3WRTlA=="],

    "oxlint": ["oxlint@1.78.0", "", { "optionalDependencies": { "@oxlint/binding-android-arm-eabi": "1.78.0", "@oxlint/binding-android-arm64": "1.78.0", "@oxlint/binding-darwin-arm64": "1.78.0", "@oxlint/binding-darwin-x64": "1.78.0", "@oxlint/binding-freebsd-x64": "1.78.0", "@oxlint/binding-linux-arm-gnueabihf": "1.78.0", "@oxlint/binding-linux-arm-musleabihf": "1.78.0", "@oxlint/binding-linux-arm64-gnu": "1.78.0", "@oxlint/binding-linux-arm64-musl": "1.78.0", "@oxlint/binding-linux-ppc64-gnu": "1.78.0", "@oxlint/binding-linux-riscv64-gnu": "1.78.0", "@oxlint/binding-linux-riscv64-musl": "1.78.0", "@oxlint/binding-linux-s390x-gnu": "1.78.0", "@oxlint/binding-linux-x64-gnu": "1.78.0", "@oxlint/binding-linux-x64-musl": "1.78.0", "@oxlint/binding-openharmony-arm64": "1.78.0", "@oxlint/binding-win32-arm64-msvc": "1.78.0", "@oxlint/binding-win32-ia32-msvc": "1.78.0", "@oxlint/binding-win32-x64-msvc": "1.78.0" }, "peerDependencies": { "oxlint-tsgolint": ">=7.0.2001", "vite-plus": "*" }, "optionalPeers": ["oxlint-tsgolint", "vite-plus"], "bin": { "oxlint": "bin/oxlint" } }, "sha512-QgQePuxIqKOzo1KSjG2EnITEeWvWnKAm77eq8nrMtf6AGoA+zyGc4PFYtDNJSD25g/ibOwfQ851hZ4/SPkMVoA=="],

    "protobufjs": ["protobufjs@7.6.6", "", { "dependencies": { "@protobufjs/aspromise": "^1.1.2", "@protobufjs/base64": "^1.1.2", "@protobufjs/codegen": "^2.0.5", "@protobufjs/eventemitter": "^1.1.1", "@protobufjs/fetch": "^1.1.1", "@protobufjs/float": "^1.0.2", "@protobufjs/path": "^1.1.2", "@protobufjs/pool": "^1.1.0", "@protobufjs/utf8": "^1.1.1", "@types/node": ">=13.7.0", "long": "^5.3.2" } }, "sha512-dYDWdjSl5RNb7SgPxGQcRU+GtvP7s2fpkrY0r432PcOIaZ0/rBcxEZnQN67iJhFuQiVw754JDoPruPCNdGsbjg=="],

    "require-directory": ["require-directory@2.1.1", "", {}, "sha512-fGxEI7+wsG9xrvdjsrlmL22OMTTiHRwAMroiEeMgq8gzoLC/PQr7RsRDSTLUg/bZAZtF+TVIkHc6/4RIKrui+Q=="],

    "require-in-the-middle": ["require-in-the-middle@8.0.1", "", { "dependencies": { "debug": "^4.3.5", "module-details-from-path": "^1.0.3" } }, "sha512-QT7FVMXfWOYFbeRBF6nu+I6tr2Tf3u0q8RIEjNob/heKY/nh7drD/k7eeMFmSQgnTtCzLDcCu/XEnpW2wk4xCQ=="],

    "string-width": ["string-width@4.2.3", "", { "dependencies": { "emoji-regex": "^8.0.0", "is-fullwidth-code-point": "^3.0.0", "strip-ansi": "^6.0.1" } }, "sha512-wKyQRQpjJ0sIp62ErSZdGsjMJWsap5oRNihHhu6G7JVO/9jIB6UyevL+tXuOqrng8j/cxKTWyWUwvSTriiZz/g=="],

    "strip-ansi": ["strip-ansi@6.0.1", "", { "dependencies": { "ansi-regex": "^5.0.1" } }, "sha512-Y38VPSHcqkFrCpFnQ9vuSXmquuv5oXOKpGeT6aGrr3o3Gc9AlVa6JBfUSOCnbxGGZF+/0ooI7KrPuUSztUdU5A=="],

    "tslib": ["tslib@2.8.1", "", {}, "sha512-oJFu94HQb+KVduSUQL7wnpmqnfmLsOA/nAh6b6EH0wCEoK0/mPeXU6c3wKDV83MkOuHPRHtSXKKU99IBazS/2w=="],

    "typescript": ["typescript@5.9.3", "", { "bin": { "tsc": "bin/tsc", "tsserver": "bin/tsserver" } }, "sha512-jl1vZzPDinLr9eUt3J/t7V6FgNEw9QjvBPdysz9KfQDD41fQrC2Y4vKQdiaUpFT4bXlb1RHhLpp8wtm6M5TgSw=="],

    "undici": ["undici@7.30.0", "", {}, "sha512-dkrQXeHSaoamnItlYbmzG0wFYrM0ZwDxCIg0A7aKjTyyhh9svRzCNFEzV+Vm05/yehjCzjDZ31KXfGEjYSztDQ=="],

    "undici-types": ["undici-types@8.9.0", "", {}, "sha512-KTDyRTYX8sWmKXAikPHHSyc63CRPETMctyjKFupcC6OBLXT3xsN0e9aF7m+mIXutFWpUXuedtowG7iLOzp0kQg=="],

    "wrap-ansi": ["wrap-ansi@7.0.0", "", { "dependencies": { "ansi-styles": "^4.0.0", "string-width": "^4.1.0", "strip-ansi": "^6.0.0" } }, "sha512-YVGIj2kamLSTxw6NsZjoBxfSwsn0ycdesmc4p+Q21c5zPuZ1pl+NfxVdxPtdHvmNVOQ6XSYG4AUtyt/Fi7D16Q=="],

    "y18n": ["y18n@5.0.8", "", {}, "sha512-0pfFzegeDWJHJIAmTLRP2DwHjdF5s7jo9tuztdQxAhINCdvS+3nGINqPd00AphqJR/0LhANUS6/+7SCb98YOfA=="],

    "yaml": ["yaml@2.9.1", "", { "bin": { "yaml": "bin.mjs" } }, "sha512-3NxN8+78OdzbT7C/WjGsyfPAtJaN3FNDsWxv7Y7mcDsT/oOmgW8BpyQQFFBnvZE3j9Y2Sdz1ULFLezL7Eb2yFw=="],

    "yargs": ["yargs@17.7.3", "", { "dependencies": { "cliui": "^8.0.1", "escalade": "^3.1.1", "get-caller-file": "^2.0.5", "require-directory": "^2.1.1", "string-width": "^4.2.3", "y18n": "^5.0.5", "yargs-parser": "^21.1.1" } }, "sha512-GZtjxm/J/4TSxuL3FNYjCmLktBTnIw/rVmKSIyKeYAZpmJB2ig9VauCC5xsa82GNKVKDAqpOn3KVzNt0zmrU0g=="],

    "yargs-parser": ["yargs-parser@21.1.1", "", {}, "sha512-tVpsJW7DdjecAiFpbIB1e3qxIQsE6NoPc5/eTdrbbIC4h0LVsWhnoa3g+m2HclBIujHzsxZ4VJVA+GUuc2/LBw=="],

    "zod": ["zod@4.6.5", "", {}, "sha512-v5l/aFXZQeai4awLbOpSoHecE9UiMrnfx75tEXLjNonXVARxQ5mOeipTjROUchszUNCqnE+hqAMujRsRHsut2Q=="],

    "@opentelemetry/configuration/@opentelemetry/core": ["@opentelemetry/core@2.11.0", "", { "dependencies": { "@opentelemetry/semantic-conventions": "^1.29.0" }, "peerDependencies": { "@opentelemetry/api": ">=1.0.0 <1.10.0" } }, "sha512-7YP44XH0tV6+Mb54x2YGf84i7yi+31MBZlE8JwvozkxyTvXbSp10X7cI7YE49ChJ3shMJoBmCJF3+1QFBJctGA=="],

    "@opentelemetry/exporter-metrics-otlp-http/@opentelemetry/core": ["@opentelemetry/core@2.11.0", "", { "dependencies": { "@opentelemetry/semantic-conventions": "^1.29.0" }, "peerDependencies": { "@opentelemetry/api": ">=1.0.0 <1.10.0" } }, "sha512-7YP44XH0tV6+Mb54x2YGf84i7yi+31MBZlE8JwvozkxyTvXbSp10X7cI7YE49ChJ3shMJoBmCJF3+1QFBJctGA=="],

    "@opentelemetry/exporter-metrics-otlp-http/@opentelemetry/resources": ["@opentelemetry/resources@2.11.0", "", { "dependencies": { "@opentelemetry/core": "2.11.0", "@opentelemetry/semantic-conventions": "^1.29.0" }, "peerDependencies": { "@opentelemetry/api": ">=1.3.0 <1.10.0" } }, "sha512-Ie7+8q8MDF4FAEQCKVMTx3ReUvxiIAgIiiW3c9JdmP8+HMcDy20puT+AHjexnExgnbvBxjQ9fjkFDWrikJ2jQA=="],

    "@opentelemetry/exporter-metrics-otlp-http/@opentelemetry/sdk-metrics": ["@opentelemetry/sdk-metrics@2.11.0", "", { "dependencies": { "@opentelemetry/core": "2.11.0", "@opentelemetry/resources": "2.11.0" }, "peerDependencies": { "@opentelemetry/api": ">=1.9.0 <1.10.0" } }, "sha512-7GXXcObyHyDUUSG+L+kJoquty01bzm7ivE7+SSgXXJcHuPzGviptxwARmI2c+bnnxjexGQbJnyNlN8HxBP/Y7A=="],

    "@opentelemetry/exporter-prometheus/@opentelemetry/core": ["@opentelemetry/core@2.11.0", "", { "dependencies": { "@opentelemetry/semantic-conventions": "^1.29.0" }, "peerDependencies": { "@opentelemetry/api": ">=1.0.0 <1.10.0" } }, "sha512-7YP44XH0tV6+Mb54x2YGf84i7yi+31MBZlE8JwvozkxyTvXbSp10X7cI7YE49ChJ3shMJoBmCJF3+1QFBJctGA=="],

    "@opentelemetry/exporter-prometheus/@opentelemetry/resources": ["@opentelemetry/resources@2.11.0", "", { "dependencies": { "@opentelemetry/core": "2.11.0", "@opentelemetry/semantic-conventions": "^1.29.0" }, "peerDependencies": { "@opentelemetry/api": ">=1.3.0 <1.10.0" } }, "sha512-Ie7+8q8MDF4FAEQCKVMTx3ReUvxiIAgIiiW3c9JdmP8+HMcDy20puT+AHjexnExgnbvBxjQ9fjkFDWrikJ2jQA=="],

    "@opentelemetry/exporter-prometheus/@opentelemetry/sdk-metrics": ["@opentelemetry/sdk-metrics@2.11.0", "", { "dependencies": { "@opentelemetry/core": "2.11.0", "@opentelemetry/resources": "2.11.0" }, "peerDependencies": { "@opentelemetry/api": ">=1.9.0 <1.10.0" } }, "sha512-7GXXcObyHyDUUSG+L+kJoquty01bzm7ivE7+SSgXXJcHuPzGviptxwARmI2c+bnnxjexGQbJnyNlN8HxBP/Y7A=="],

    "@opentelemetry/exporter-zipkin/@opentelemetry/core": ["@opentelemetry/core@2.11.0", "", { "dependencies": { "@opentelemetry/semantic-conventions": "^1.29.0" }, "peerDependencies": { "@opentelemetry/api": ">=1.0.0 <1.10.0" } }, "sha512-7YP44XH0tV6+Mb54x2YGf84i7yi+31MBZlE8JwvozkxyTvXbSp10X7cI7YE49ChJ3shMJoBmCJF3+1QFBJctGA=="],

    "@opentelemetry/exporter-zipkin/@opentelemetry/resources": ["@opentelemetry/resources@2.11.0", "", { "dependencies": { "@opentelemetry/core": "2.11.0", "@opentelemetry/semantic-conventions": "^1.29.0" }, "peerDependencies": { "@opentelemetry/api": ">=1.3.0 <1.10.0" } }, "sha512-Ie7+8q8MDF4FAEQCKVMTx3ReUvxiIAgIiiW3c9JdmP8+HMcDy20puT+AHjexnExgnbvBxjQ9fjkFDWrikJ2jQA=="],

    "@opentelemetry/otlp-exporter-base/@opentelemetry/core": ["@opentelemetry/core@2.11.0", "", { "dependencies": { "@opentelemetry/semantic-conventions": "^1.29.0" }, "peerDependencies": { "@opentelemetry/api": ">=1.0.0 <1.10.0" } }, "sha512-7YP44XH0tV6+Mb54x2YGf84i7yi+31MBZlE8JwvozkxyTvXbSp10X7cI7YE49ChJ3shMJoBmCJF3+1QFBJctGA=="],

    "@opentelemetry/otlp-grpc-exporter-base/@opentelemetry/core": ["@opentelemetry/core@2.11.0", "", { "dependencies": { "@opentelemetry/semantic-conventions": "^1.29.0" }, "peerDependencies": { "@opentelemetry/api": ">=1.0.0 <1.10.0" } }, "sha512-7YP44XH0tV6+Mb54x2YGf84i7yi+31MBZlE8JwvozkxyTvXbSp10X7cI7YE49ChJ3shMJoBmCJF3+1QFBJctGA=="],

    "@opentelemetry/otlp-transformer/@opentelemetry/core": ["@opentelemetry/core@2.11.0", "", { "dependencies": { "@opentelemetry/semantic-conventions": "^1.29.0" }, "peerDependencies": { "@opentelemetry/api": ">=1.0.0 <1.10.0" } }, "sha512-7YP44XH0tV6+Mb54x2YGf84i7yi+31MBZlE8JwvozkxyTvXbSp10X7cI7YE49ChJ3shMJoBmCJF3+1QFBJctGA=="],

    "@opentelemetry/otlp-transformer/@opentelemetry/resources": ["@opentelemetry/resources@2.11.0", "", { "dependencies": { "@opentelemetry/core": "2.11.0", "@opentelemetry/semantic-conventions": "^1.29.0" }, "peerDependencies": { "@opentelemetry/api": ">=1.3.0 <1.10.0" } }, "sha512-Ie7+8q8MDF4FAEQCKVMTx3ReUvxiIAgIiiW3c9JdmP8+HMcDy20puT+AHjexnExgnbvBxjQ9fjkFDWrikJ2jQA=="],

    "@opentelemetry/otlp-transformer/@opentelemetry/sdk-metrics": ["@opentelemetry/sdk-metrics@2.11.0", "", { "dependencies": { "@opentelemetry/core": "2.11.0", "@opentelemetry/resources": "2.11.0" }, "peerDependencies": { "@opentelemetry/api": ">=1.9.0 <1.10.0" } }, "sha512-7GXXcObyHyDUUSG+L+kJoquty01bzm7ivE7+SSgXXJcHuPzGviptxwARmI2c+bnnxjexGQbJnyNlN8HxBP/Y7A=="],

    "@opentelemetry/propagator-b3/@opentelemetry/core": ["@opentelemetry/core@2.11.0", "", { "dependencies": { "@opentelemetry/semantic-conventions": "^1.29.0" }, "peerDependencies": { "@opentelemetry/api": ">=1.0.0 <1.10.0" } }, "sha512-7YP44XH0tV6+Mb54x2YGf84i7yi+31MBZlE8JwvozkxyTvXbSp10X7cI7YE49ChJ3shMJoBmCJF3+1QFBJctGA=="],

    "@opentelemetry/propagator-jaeger/@opentelemetry/core": ["@opentelemetry/core@2.11.0", "", { "dependencies": { "@opentelemetry/semantic-conventions": "^1.29.0" }, "peerDependencies": { "@opentelemetry/api": ">=1.0.0 <1.10.0" } }, "sha512-7YP44XH0tV6+Mb54x2YGf84i7yi+31MBZlE8JwvozkxyTvXbSp10X7cI7YE49ChJ3shMJoBmCJF3+1QFBJctGA=="],

    "@opentelemetry/sdk-logs/@opentelemetry/core": ["@opentelemetry/core@2.11.0", "", { "dependencies": { "@opentelemetry/semantic-conventions": "^1.29.0" }, "peerDependencies": { "@opentelemetry/api": ">=1.0.0 <1.10.0" } }, "sha512-7YP44XH0tV6+Mb54x2YGf84i7yi+31MBZlE8JwvozkxyTvXbSp10X7cI7YE49ChJ3shMJoBmCJF3+1QFBJctGA=="],

    "@opentelemetry/sdk-logs/@opentelemetry/resources": ["@opentelemetry/resources@2.11.0", "", { "dependencies": { "@opentelemetry/core": "2.11.0", "@opentelemetry/semantic-conventions": "^1.29.0" }, "peerDependencies": { "@opentelemetry/api": ">=1.3.0 <1.10.0" } }, "sha512-Ie7+8q8MDF4FAEQCKVMTx3ReUvxiIAgIiiW3c9JdmP8+HMcDy20puT+AHjexnExgnbvBxjQ9fjkFDWrikJ2jQA=="],

    "@opentelemetry/sdk-node/@opentelemetry/context-async-hooks": ["@opentelemetry/context-async-hooks@2.11.0", "", { "peerDependencies": { "@opentelemetry/api": ">=1.0.0 <1.10.0" } }, "sha512-Tr79DyWI8itsBdg+jH+opjfrwLzX+erk1/ExkIwhWoAVjVrJIn2y5+cGjTC0Vy8fyNIA/y8wuJPZwr1T3xCZeQ=="],

    "@opentelemetry/sdk-node/@opentelemetry/core": ["@opentelemetry/core@2.11.0", "", { "dependencies": { "@opentelemetry/semantic-conventions": "^1.29.0" }, "peerDependencies": { "@opentelemetry/api": ">=1.0.0 <1.10.0" } }, "sha512-7YP44XH0tV6+Mb54x2YGf84i7yi+31MBZlE8JwvozkxyTvXbSp10X7cI7YE49ChJ3shMJoBmCJF3+1QFBJctGA=="],

    "@opentelemetry/sdk-node/@opentelemetry/resources": ["@opentelemetry/resources@2.11.0", "", { "dependencies": { "@opentelemetry/core": "2.11.0", "@opentelemetry/semantic-conventions": "^1.29.0" }, "peerDependencies": { "@opentelemetry/api": ">=1.3.0 <1.10.0" } }, "sha512-Ie7+8q8MDF4FAEQCKVMTx3ReUvxiIAgIiiW3c9JdmP8+HMcDy20puT+AHjexnExgnbvBxjQ9fjkFDWrikJ2jQA=="],

    "@opentelemetry/sdk-node/@opentelemetry/sdk-metrics": ["@opentelemetry/sdk-metrics@2.11.0", "", { "dependencies": { "@opentelemetry/core": "2.11.0", "@opentelemetry/resources": "2.11.0" }, "peerDependencies": { "@opentelemetry/api": ">=1.9.0 <1.10.0" } }, "sha512-7GXXcObyHyDUUSG+L+kJoquty01bzm7ivE7+SSgXXJcHuPzGviptxwARmI2c+bnnxjexGQbJnyNlN8HxBP/Y7A=="],

    "@opentelemetry/sdk-node/@opentelemetry/sdk-trace-base": ["@opentelemetry/sdk-trace-base@2.11.0", "", { "dependencies": { "@opentelemetry/core": "2.11.0", "@opentelemetry/resources": "2.11.0", "@opentelemetry/sdk-trace": "2.11.0", "@opentelemetry/semantic-conventions": "^1.29.0" }, "peerDependencies": { "@opentelemetry/api": ">=1.3.0 <1.10.0" } }, "sha512-H19x/TX/LZdqiYOjM7fqtSxwlplC5pgelavqbQdHbhdq0q/AI/TGkM2dfGuuynTXmJPeF2HoZVoPDu+TGoW78A=="],

    "@opentelemetry/sdk-trace/@opentelemetry/core": ["@opentelemetry/core@2.11.0", "", { "dependencies": { "@opentelemetry/semantic-conventions": "^1.29.0" }, "peerDependencies": { "@opentelemetry/api": ">=1.0.0 <1.10.0" } }, "sha512-7YP44XH0tV6+Mb54x2YGf84i7yi+31MBZlE8JwvozkxyTvXbSp10X7cI7YE49ChJ3shMJoBmCJF3+1QFBJctGA=="],

    "@opentelemetry/sdk-trace/@opentelemetry/resources": ["@opentelemetry/resources@2.11.0", "", { "dependencies": { "@opentelemetry/core": "2.11.0", "@opentelemetry/semantic-conventions": "^1.29.0" }, "peerDependencies": { "@opentelemetry/api": ">=1.3.0 <1.10.0" } }, "sha512-Ie7+8q8MDF4FAEQCKVMTx3ReUvxiIAgIiiW3c9JdmP8+HMcDy20puT+AHjexnExgnbvBxjQ9fjkFDWrikJ2jQA=="],

    "@opentelemetry/sdk-trace-base/@opentelemetry/sdk-trace": ["@opentelemetry/sdk-trace@2.12.0", "", { "dependencies": { "@opentelemetry/core": "2.12.0", "@opentelemetry/resources": "2.12.0", "@opentelemetry/semantic-conventions": "^1.29.0" }, "peerDependencies": { "@opentelemetry/api": ">=1.3.0 <1.10.0" } }, "sha512-ImVuRQ6faOsTi1Wna88s2avgrrf/iDgXPigIeynkUhjstMuoQUDOJXgkez2j1mlU4btjXcXBGa+q7qKFYR3GsA=="],

    "@opentelemetry/sdk-trace-node/@opentelemetry/context-async-hooks": ["@opentelemetry/context-async-hooks@2.11.0", "", { "peerDependencies": { "@opentelemetry/api": ">=1.0.0 <1.10.0" } }, "sha512-Tr79DyWI8itsBdg+jH+opjfrwLzX+erk1/ExkIwhWoAVjVrJIn2y5+cGjTC0Vy8fyNIA/y8wuJPZwr1T3xCZeQ=="],

    "@opentelemetry/sdk-trace-node/@opentelemetry/core": ["@opentelemetry/core@2.11.0", "", { "dependencies": { "@opentelemetry/semantic-conventions": "^1.29.0" }, "peerDependencies": { "@opentelemetry/api": ">=1.0.0 <1.10.0" } }, "sha512-7YP44XH0tV6+Mb54x2YGf84i7yi+31MBZlE8JwvozkxyTvXbSp10X7cI7YE49ChJ3shMJoBmCJF3+1QFBJctGA=="],

    "@opentelemetry/sdk-trace-node/@opentelemetry/sdk-trace-base": ["@opentelemetry/sdk-trace-base@2.11.0", "", { "dependencies": { "@opentelemetry/core": "2.11.0", "@opentelemetry/resources": "2.11.0", "@opentelemetry/sdk-trace": "2.11.0", "@opentelemetry/semantic-conventions": "^1.29.0" }, "peerDependencies": { "@opentelemetry/api": ">=1.3.0 <1.10.0" } }, "sha512-H19x/TX/LZdqiYOjM7fqtSxwlplC5pgelavqbQdHbhdq0q/AI/TGkM2dfGuuynTXmJPeF2HoZVoPDu+TGoW78A=="],

    "@opentelemetry/sdk-trace-node/@opentelemetry/sdk-trace-base/@opentelemetry/resources": ["@opentelemetry/resources@2.11.0", "", { "dependencies": { "@opentelemetry/core": "2.11.0", "@opentelemetry/semantic-conventions": "^1.29.0" }, "peerDependencies": { "@opentelemetry/api": ">=1.3.0 <1.10.0" } }, "sha512-Ie7+8q8MDF4FAEQCKVMTx3ReUvxiIAgIiiW3c9JdmP8+HMcDy20puT+AHjexnExgnbvBxjQ9fjkFDWrikJ2jQA=="],
  }
}
